// !$*UTF8*$!
{
	archiveVersion = 1;
	classes = {
	};
	objectVersion = 46;
	objects = {

/* Begin PBXBuildFile section */
		3281C9761B6B2F4A002087B0 /* main.cpp in Sources */ = {isa = PBXBuildFile; fileRef = 3281C9751B6B2F4A002087B0 /* main.cpp */; };
		3281C97D1B6B2F55002087B0 /* OpenGL.framework in Frameworks */ = {isa = PBXBuildFile; fileRef = 3281C97C1B6B2F55002087B0 /* OpenGL.framework */; };
		3281C97F1B6B2F5B002087B0 /* GLUT.framework in Frameworks */ = {isa = PBXBuildFile; fileRef = 3281C97E1B6B2F5B002087B0 /* GLUT.framework */; };
		3281C9821B6B2F8B002087B0 /* ConvexHullGenerator.cpp in Sources */ = {isa = PBXBuildFile; fileRef = 3281C9801B6B2F8B002087B0 /* ConvexHullGenerator.cpp */; };
/* End PBXBuildFile section */

/* Begin PBXCopyFilesBuildPhase section */
		3281C9701B6B2F4A002087B0 /* CopyFiles */ = {
			isa = PBXCopyFilesBuildPhase;
			buildActionMask = 2147483647;
			dstPath = /usr/share/man/man1/;
			dstSubfolderSpec = 0;
			files = (
			);
			runOnlyForDeploymentPostprocessing = 1;
		};
/* End PBXCopyFilesBuildPhase section */

/* Begin PBXFileReference section */
		3281C9721B6B2F4A002087B0 /* convex-hull */ = {isa = PBXFileReference; explicitFileType = "compiled.mach-o.executable"; includeInIndex = 0; path = "convex-hull"; sourceTree = BUILT_PRODUCTS_DIR; };
		3281C9751B6B2F4A002087B0 /* main.cpp */ = {isa = PBXFileReference; lastKnownFileType = sourcecode.cpp.cpp; path = main.cpp; sourceTree = "<group>"; };
		3281C97C1B6B2F55002087B0 /* OpenGL.framework */ = {isa = PBXFileReference; lastKnownFileType = wrapper.framework; name = OpenGL.framework; path = System/Library/Frameworks/OpenGL.framework; sourceTree = SDKROOT; };
		3281C97E1B6B2F5B002087B0 /* GLUT.framework */ = {isa = PBXFileReference; lastKnownFileType = wrapper.framework; name = GLUT.framework; path = System/Library/Frameworks/GLUT.framework; sourceTree = SDKROOT; };
		3281C9801B6B2F8B002087B0 /* ConvexHullGenerator.cpp */ = {isa = PBXFileReference; fileEncoding = 4; lastKnownFileType = sourcecode.cpp.cpp; path = ConvexHullGenerator.cpp; sourceTree = "<group>"; };
		3281C9811B6B2F8B002087B0 /* ConvexHullGenerator.h */ = {isa = PBXFileReference; fileEncoding = 4; lastKnownFileType = sourcecode.c.h; path = ConvexHullGenerator.h; sourceTree = "<group>"; };
/* End PBXFileReference section */

/* Begin PBXFrameworksBuildPhase section */
		3281C96F1B6B2F4A002087B0 /* Frameworks */ = {
			isa = PBXFrameworksBuildPhase;
			buildActionMask = 2147483647;
			files = (
				3281C97F1B6B2F5B002087B0 /* GLUT.framework in Frameworks */,
				3281C97D1B6B2F55002087B0 /* OpenGL.framework in Frameworks */,
			);
			runOnlyForDeploymentPostprocessing = 0;
		};
/* End PBXFrameworksBuildPhase section */

/* Begin PBXGroup section */
		3281C9691B6B2F4A002087B0 = {
			isa = PBXGroup;
			children = (
				3281C97E1B6B2F5B002087B0 /* GLUT.framework */,
				3281C97C1B6B2F55002087B0 /* OpenGL.framework */,
				3281C9741B6B2F4A002087B0 /* convex-hull */,
				3281C9731B6B2F4A002087B0 /* Products */,
			);
			sourceTree = "<group>";
		};
		3281C9731B6B2F4A002087B0 /* Products */ = {
			isa = PBXGroup;
			children = (
				3281C9721B6B2F4A002087B0 /* convex-hull */,
			);
			name = Products;
			sourceTree = "<group>";
		};
		3281C9741B6B2F4A002087B0 /* convex-hull */ = {
			isa = PBXGroup;
			children = (
				3281C9751B6B2F4A002087B0 /* main.cpp */,
				3281C9801B6B2F8B002087B0 /* ConvexHullGenerator.cpp */,
				3281C9811B6B2F8B002087B0 /* ConvexHullGenerator.h */,
			);
			path = "convex-hull";
			sourceTree = "<group>";
		};
/* End PBXGroup section */

/* Begin PBXNativeTarget section */
		3281C9711B6B2F4A002087B0 /* convex-hull */ = {
			isa = PBXNativeTarget;
			buildConfigurationList = 3281C9791B6B2F4A002087B0 /* Build configuration list for PBXNativeTarget "convex-hull" */;
			buildPhases = (
				3281C96E1B6B2F4A002087B0 /* Sources */,
				3281C96F1B6B2F4A002087B0 /* Frameworks */,
				3281C9701B6B2F4A002087B0 /* CopyFiles */,
			);
			buildRules = (
			);
			dependencies = (
			);
			name = "convex-hull";
			productName = "convex-hull";
			productReference = 3281C9721B6B2F4A002087B0 /* convex-hull */;
			productType = "com.apple.product-type.tool";
		};
/* End PBXNativeTarget section */

/* Begin PBXProject section */
		3281C96A1B6B2F4A002087B0 /* Project object */ = {
			isa = PBXProject;
			attributes = {
				LastUpgradeCheck = 0640;
				ORGANIZATIONNAME = "Rohan Sawhney";
				TargetAttributes = {
					3281C9711B6B2F4A002087B0 = {
						CreatedOnToolsVersion = 6.4;
					};
				};
			};
			buildConfigurationList = 3281C96D1B6B2F4A002087B0 /* Build configuration list for PBXProject "convex-hull" */;
			compatibilityVersion = "Xcode 3.2";
			developmentRegion = English;
			hasScannedForEncodings = 0;
			knownRegions = (
				en,
			);
			mainGroup = 3281C9691B6B2F4A002087B0;
			productRefGroup = 3281C9731B6B2F4A002087B0 /* Products */;
			projectDirPath = "";
			projectRoot = "";
			targets = (
				3281C9711B6B2F4A002087B0 /* convex-hull */,
			);
		};
/* End PBXProject section */

/* Begin PBXSourcesBuildPhase section */
		3281C96E1B6B2F4A002087B0 /* Sources */ = {
			isa = PBXSourcesBuildPhase;
			buildActionMask = 2147483647;
			files = (
				3281C9761B6B2F4A002087B0 /* main.cpp in Sources */,
				3281C9821B6B2F8B002087B0 /* ConvexHullGenerator.cpp in Sources */,
			);
			runOnlyForDeploymentPostprocessing = 0;
		};
/* End PBXSourcesBuildPhase section */

/* Begin XCBuildConfiguration section */
		3281C9771B6B2F4A002087B0 /* Debug */ = {
			isa = XCBuildConfiguration;
			buildSettings = {
				ALWAYS_SEARCH_USER_PATHS = NO;
				CLANG_CXX_LANGUAGE_STANDARD = "gnu++0x";
				CLANG_CXX_LIBRARY = "libc++";
				CLANG_ENABLE_MODULES = YES;
				CLANG_ENABLE_OBJC_ARC = YES;
				CLANG_WARN_BOOL_CONVERSION = YES;
				CLANG_WARN_CONSTANT_CONVERSION = YES;
				CLANG_WARN_DIRECT_OBJC_ISA_USAGE = YES_ERROR;
				CLANG_WARN_EMPTY_BODY = YES;
				CLANG_WARN_ENUM_CONVERSION = YES;
				CLANG_WARN_INT_CONVERSION = YES;
				CLANG_WARN_OBJC_ROOT_CLASS = YES_ERROR;
				CLANG_WARN_UNREACHABLE_CODE = YES;
				CLANG_WARN__DUPLICATE_METHOD_MATCH = YES;
				COPY_PHASE_STRIP = NO;
				DEBUG_INFORMATION_FORMAT = dwarf;
				ENABLE_STRICT_OBJC_MSGSEND = YES;
				GCC_C_LANGUAGE_STANDARD = gnu99;
				GCC_DYNAMIC_NO_PIC = NO;
				GCC_NO_COMMON_BLOCKS = YES;
				GCC_OPTIMIZATION_LEVEL = 0;
				GCC_PREPROCESSOR_DEFINITIONS = (
					"DEBUG=1",
					"$(inherited)",
				);
				GCC_SYMBOLS_PRIVATE_EXTERN = NO;
				GCC_WARN_64_TO_32_BIT_CONVERSION = YES;
				GCC_WARN_ABOUT_RETURN_TYPE = YES_ERROR;
				GCC_WARN_UNDECLARED_SELECTOR = YES;
				GCC_WARN_UNINITIALIZED_AUTOS = YES_AGGRESSIVE;
				GCC_WARN_UNUSED_FUNCTION = YES;
				GCC_WARN_UNUSED_VARIABLE = YES;
				MACOSX_DEPLOYMENT_TARGET = 10.10;
				MTL_ENABLE_DEBUG_INFO = YES;
				ONLY_ACTIVE_ARCH = YES;
				SDKROOT = macosx;
			};
			name = Debug;
		};
		3281C9781B6B2F4A002087B0 /* Release */ = {
			isa = XCBuildConfiguration;
			buildSettings = {
				ALWAYS_SEARCH_USER_PATHS = NO;
				CLANG_CXX_LANGUAGE_STANDARD = "gnu++0x";
				CLANG_CXX_LIBRARY = "libc++";
				CLANG_ENABLE_MODULES = YES;
				CLANG_ENABLE_OBJC_ARC = YES;
				CLANG_WARN_BOOL_CONVERSION = YES;
				CLANG_WARN_CONSTANT_CONVERSION = YES;
				CLANG_WARN_DIRECT_OBJC_ISA_USAGE = YES_ERROR;
				CLANG_WARN_EMPTY_BODY = YES;
				CLANG_WARN_ENUM_CONVERSION = YES;
				CLANG_WARN_INT_CONVERSION = YES;
				CLANG_WARN_OBJC_ROOT_CLASS = YES_ERROR;
				CLANG_WARN_UNREACHABLE_CODE = YES;
				CLANG_WARN__DUPLICATE_METHOD_MATCH = YES;
				COPY_PHASE_STRIP = NO;
				DEBUG_INFORMATION_FORMAT = "dwarf-with-dsym";
				ENABLE_NS_ASSERTIONS = NO;
				ENABLE_STRICT_OBJC_MSGSEND = YES;
				GCC_C_LANGUAGE_STANDARD = gnu99;
				GCC_NO_COMMON_BLOCKS = YES;
				GCC_WARN_64_TO_32_BIT_CONVERSION = YES;
				GCC_WARN_ABOUT_RETURN_TYPE = YES_ERROR;
				GCC_WARN_UNDECLARED_SELECTOR = YES;
				GCC_WARN_UNINITIALIZED_AUTOS = YES_AGGRESSIVE;
				GCC_WARN_UNUSED_FUNCTION = YES;
				GCC_WARN_UNUSED_VARIABLE = YES;
				MACOSX_DEPLOYMENT_TARGET = 10.10;
				MTL_ENABLE_DEBUG_INFO = NO;
				SDKROOT = macosx;
			};
			name = Release;
		};
		3281C97A1B6B2F4A002087B0 /* Debug */ = {
			isa = XCBuildConfiguration;
			buildSettings = {
				HEADER_SEARCH_PATHS = (
					"$(inherited)",
					/Applications/Xcode.app/Contents/Developer/Toolchains/XcodeDefault.xctoolchain/usr/include,
					/usr/local/Cellar/eigen/3.2.4/include/eigen3,
				);
				PRODUCT_NAME = "$(TARGET_NAME)";
			};
			name = Debug;
		};
		3281C97B1B6B2F4A002087B0 /* Release */ = {
			isa = XCBuildConfiguration;
			buildSettings = {
				HEADER_SEARCH_PATHS = (
					"$(inherited)",
					/Applications/Xcode.app/Contents/Developer/Toolchains/XcodeDefault.xctoolchain/usr/include,
					/usr/local/Cellar/eigen/3.2.4/include/eigen3,
				);
				PRODUCT_NAME = "$(TARGET_NAME)";
			};
			name = Release;
		};
/* End XCBuildConfiguration section */

/* Begin XCConfigurationList section */
		3281C96D1B6B2F4A002087B0 /* Build configuration list for PBXProject "convex-hull" */ = {
			isa = XCConfigurationList;
			buildConfigurations = (
				3281C9771B6B2F4A002087B0 /* Debug */,
				3281C9781B6B2F4A002087B0 /* Release */,
			);
			defaultConfigurationIsVisible = 0;
			defaultConfigurationName = Release;
		};
		3281C9791B6B2F4A002087B0 /* Build configuration list for PBXNativeTarget "convex-hull" */ = {
			isa = XCConfigurationList;
			buildConfigurations = (
				3281C97A1B6B2F4A002087B0 /* Debug */,
				3281C97B1B6B2F4A002087B0 /* Release */,
			);
			defaultConfigurationIsVisible = 0;
		};
/* End XCConfigurationList section */
	};
	rootObject = 3281C96A1B6B2F4A002087B0 /* Project object */;
}
